
Microsoft Visual Studio Solution File, Format Version 12.00
# Visual Studio 15
VisualStudioVersion = 15.0.28307.489
MinimumVisualStudioVersion = 10.0.40219.1
Project("{9A19103F-16F7-4668-BE54-9A1E7A4F7556}") = "TransIT.DAL", "TransIT.DAL\TransIT.DAL.csproj", "{E524D22E-7F05-4AFC-9082-C87C8E3CA9DB}"
EndProject
Project("{9A19103F-16F7-4668-BE54-9A1E7A4F7556}") = "TransIT.API", "TransIT.API\TransIT.API.csproj", "{BEFED30C-E61F-48AE-BF4C-3751ED293358}"
EndProject
Project("{9A19103F-16F7-4668-BE54-9A1E7A4F7556}") = "TransIT.BLL", "TransIT.BLL\TransIT.BLL.csproj", "{3BB6FAF4-8D54-4428-AD1F-923A14D3EEE1}"
EndProject
Project("{9A19103F-16F7-4668-BE54-9A1E7A4F7556}") = "TransIT.BLL.Tests", "TransIT.BLL.Tests\TransIT.BLL.Tests.csproj", "{4E854498-A0E0-4697-8EAF-F4C82C1EF8E1}"
EndProject
Project("{FAE04EC0-301F-11D3-BF4B-00C04F79EFBC}") = "TransIT.API.Tests", "TransIT.API.Tests\TransIT.API.Tests.csproj", "{DB88671B-64D5-4651-ADB1-19014F41D32E}"
EndProject
Global
	GlobalSection(SolutionConfigurationPlatforms) = preSolution
		Debug|Any CPU = Debug|Any CPU
		Release|Any CPU = Release|Any CPU
	EndGlobalSection
	GlobalSection(ProjectConfigurationPlatforms) = postSolution
		{E524D22E-7F05-4AFC-9082-C87C8E3CA9DB}.Debug|Any CPU.ActiveCfg = Debug|Any CPU
		{E524D22E-7F05-4AFC-9082-C87C8E3CA9DB}.Debug|Any CPU.Build.0 = Debug|Any CPU
		{E524D22E-7F05-4AFC-9082-C87C8E3CA9DB}.Release|Any CPU.ActiveCfg = Release|Any CPU
		{E524D22E-7F05-4AFC-9082-C87C8E3CA9DB}.Release|Any CPU.Build.0 = Release|Any CPU
		{BEFED30C-E61F-48AE-BF4C-3751ED293358}.Debug|Any CPU.ActiveCfg = Debug|Any CPU
		{BEFED30C-E61F-48AE-BF4C-3751ED293358}.Debug|Any CPU.Build.0 = Debug|Any CPU
		{BEFED30C-E61F-48AE-BF4C-3751ED293358}.Release|Any CPU.ActiveCfg = Release|Any CPU
		{BEFED30C-E61F-48AE-BF4C-3751ED293358}.Release|Any CPU.Build.0 = Release|Any CPU
		{3BB6FAF4-8D54-4428-AD1F-923A14D3EEE1}.Debug|Any CPU.ActiveCfg = Debug|Any CPU
		{3BB6FAF4-8D54-4428-AD1F-923A14D3EEE1}.Debug|Any CPU.Build.0 = Debug|Any CPU
		{3BB6FAF4-8D54-4428-AD1F-923A14D3EEE1}.Release|Any CPU.ActiveCfg = Release|Any CPU
		{3BB6FAF4-8D54-4428-AD1F-923A14D3EEE1}.Release|Any CPU.Build.0 = Release|Any CPU
		{4E854498-A0E0-4697-8EAF-F4C82C1EF8E1}.Debug|Any CPU.ActiveCfg = Debug|Any CPU
		{4E854498-A0E0-4697-8EAF-F4C82C1EF8E1}.Debug|Any CPU.Build.0 = Debug|Any CPU
		{4E854498-A0E0-4697-8EAF-F4C82C1EF8E1}.Release|Any CPU.ActiveCfg = Release|Any CPU
		{4E854498-A0E0-4697-8EAF-F4C82C1EF8E1}.Release|Any CPU.Build.0 = Release|Any CPU
		{DB88671B-64D5-4651-ADB1-19014F41D32E}.Debug|Any CPU.ActiveCfg = Debug|Any CPU
		{DB88671B-64D5-4651-ADB1-19014F41D32E}.Debug|Any CPU.Build.0 = Debug|Any CPU
		{DB88671B-64D5-4651-ADB1-19014F41D32E}.Release|Any CPU.ActiveCfg = Release|Any CPU
		{DB88671B-64D5-4651-ADB1-19014F41D32E}.Release|Any CPU.Build.0 = Release|Any CPU
	EndGlobalSection
	GlobalSection(SolutionProperties) = preSolution
		HideSolutionNode = FALSE
	EndGlobalSection
	GlobalSection(ExtensibilityGlobals) = postSolution
		SolutionGuid = {09684028-75DF-4E19-91E8-8AD2B6685E47}
	EndGlobalSection
EndGlobal
